
Microsoft Visual Studio Solution File, Format Version 11.00
# Visual Studio 2010
Project("{FAE04EC0-301F-11D3-BF4B-00C04F79EFBC}") = "HAP.Web", "HAP.Web\HAP.Web.csproj", "{C3649002-D5BA-41D8-A2AA-78AD9E86C7BF}"
	ProjectSection(ProjectDependencies) = postProject
		{9DCDBB22-ECEB-4220-A0FE-E786189F0B08} = {9DCDBB22-ECEB-4220-A0FE-E786189F0B08}
		{E1C14EF8-AD23-48F5-9EFF-9A2F4A07CCC9} = {E1C14EF8-AD23-48F5-9EFF-9A2F4A07CCC9}
	EndProjectSection
EndProject
Project("{FAE04EC0-301F-11D3-BF4B-00C04F79EFBC}") = "HAP.Silverlight", "HAP.Silverlight\HAP.Silverlight.csproj", "{9DCDBB22-ECEB-4220-A0FE-E786189F0B08}"
EndProject
Project("{FAE04EC0-301F-11D3-BF4B-00C04F79EFBC}") = "HAP.Silverlight.Browser", "HAP.Silverlight.Browser\HAP.Silverlight.Browser.csproj", "{E1C14EF8-AD23-48F5-9EFF-9A2F4A07CCC9}"
EndProject
Project("{2150E333-8FDC-42A3-9474-1A3956D46DE8}") = "Bin", "Bin", "{A881389B-1A30-4196-A10B-ACA9C7A96292}"
	ProjectSection(SolutionItems) = preProject
		Binaries\AeroWizard.dll = Binaries\AeroWizard.dll
		Binaries\AeroWizard.xml = Binaries\AeroWizard.xml
		Binaries\AjaxControlToolkit.dll = Binaries\AjaxControlToolkit.dll
		Binaries\Microsoft.WindowsAPICodePack.dll = Binaries\Microsoft.WindowsAPICodePack.dll
		Binaries\Microsoft.WindowsAPICodePack.Shell.dll = Binaries\Microsoft.WindowsAPICodePack.Shell.dll
	EndProjectSection
EndProject
Project("{FAE04EC0-301F-11D3-BF4B-00C04F79EFBC}") = "HAP Logon Tracker", "HAP Logon Tracker\HAP Logon Tracker.csproj", "{5254C771-C9B6-4261-BC11-FED83C526CE0}"
EndProject
Project("{54435603-DBB4-11D2-8724-00A0C9A8B90C}") = "HAP Logon Tracker Installer", "HAP Logon Tracker Installer\HAP Logon Tracker Installer.vdproj", "{E10211DD-09C4-4756-AC4D-36C73A73FCEB}"
EndProject
Project("{FAE04EC0-301F-11D3-BF4B-00C04F79EFBC}") = "HAP User Card", "HAP User Card\HAP User Card.csproj", "{83C67EA2-D8D6-41E4-9ACF-919088675444}"
EndProject
Project("{54435603-DBB4-11D2-8724-00A0C9A8B90C}") = "HAP User Card Installer", "HAP User Card Installer\HAP User Card Installer.vdproj", "{51E919E3-C676-4439-B192-F1F936FB830B}"
EndProject
Project("{FAE04EC0-301F-11D3-BF4B-00C04F79EFBC}") = "HAP.Data.SQL", "HAP.Data.SQL\HAP.Data.SQL.csproj", "{D7498641-1837-480E-8AA0-4466CDB5FB12}"
EndProject
Project("{FAE04EC0-301F-11D3-BF4B-00C04F79EFBC}") = "HAP.Data", "HAP.Data\HAP.Data.csproj", "{66768D2F-2190-4B13-BB6C-7195A342DB9A}"
EndProject
Project("{FAE04EC0-301F-11D3-BF4B-00C04F79EFBC}") = "HAP.Data.Quota", "HAP.Data.Quota\HAP.Data.Quota.csproj", "{335B9841-60EA-49CD-A32B-5866902330F5}"
EndProject
Project("{FAE04EC0-301F-11D3-BF4B-00C04F79EFBC}") = "HAP Quota Service", "HAP.Data.Quota.Service\HAP Quota Service.csproj", "{A06C244E-4136-4A30-97AD-F0717974A5D0}"
EndProject
Project("{54435603-DBB4-11D2-8724-00A0C9A8B90C}") = "HAP Quota Service Setup", "HAP Quota Service Setup\HAP Quota Service Setup.vdproj", "{93C675DE-3922-47C5-9FD8-1AC25348FC4D}"
EndProject
Project("{FAE04EC0-301F-11D3-BF4B-00C04F79EFBC}") = "HAP.AD", "HAP.AD\HAP.AD.csproj", "{36468E14-F8AF-4794-AB76-25571A54682F}"
EndProject
Project("{FAE04EC0-301F-11D3-BF4B-00C04F79EFBC}") = "HAP.Web.Configuration", "HAP.Web.Config\HAP.Web.Configuration.csproj", "{1F2CFBBF-1C06-4CAC-BB4B-5551BF6A398C}"
EndProject
Global
	GlobalSection(TeamFoundationVersionControl) = preSolution
		SccNumberOfProjects = 15
		SccEnterpriseProvider = {4CA58AB2-18FA-4F8D-95D4-32DDF27D184C}
		SccTeamFoundationServer = https://tfs.codeplex.com/tfs/tfs08
		SccLocalPath0 = .
		SccProjectUniqueName1 = HAP.Silverlight\\HAP.Silverlight.csproj
		SccProjectName1 = HAP.Silverlight
		SccLocalPath1 = HAP.Silverlight
		SccProjectUniqueName2 = HAP.Web\\HAP.Web.csproj
		SccProjectName2 = HAP.Web
		SccLocalPath2 = HAP.Web
		SccProjectUniqueName3 = HAP.Silverlight.Browser\\HAP.Silverlight.Browser.csproj
		SccProjectName3 = HAP.Silverlight.Browser
		SccLocalPath3 = HAP.Silverlight.Browser
		SccProjectUniqueName4 = HAP\u0020Logon\u0020Tracker\\HAP\u0020Logon\u0020Tracker.csproj
		SccProjectName4 = HAP\u0020Logon\u0020Tracker
		SccLocalPath4 = HAP\u0020Logon\u0020Tracker
		SccProjectUniqueName5 = HAP\u0020Logon\u0020Tracker\u0020Installer\\HAP\u0020Logon\u0020Tracker\u0020Installer.vdproj
		SccProjectName5 = HAP\u0020Logon\u0020Tracker\u0020Installer
		SccLocalPath5 = HAP\u0020Logon\u0020Tracker\u0020Installer
		SccProjectUniqueName6 = HAP\u0020User\u0020Card\\HAP\u0020User\u0020Card.csproj
		SccProjectName6 = HAP\u0020User\u0020Card
		SccLocalPath6 = HAP\u0020User\u0020Card
		SccProjectUniqueName7 = HAP\u0020User\u0020Card\u0020Installer\\HAP\u0020User\u0020Card\u0020Installer.vdproj
		SccProjectName7 = HAP\u0020User\u0020Card\u0020Installer
		SccLocalPath7 = HAP\u0020User\u0020Card\u0020Installer
		SccProjectUniqueName8 = HAP.Data.SQL\\HAP.Data.SQL.csproj
		SccProjectName8 = HAP.Data.SQL
		SccLocalPath8 = HAP.Data.SQL
		SccProjectUniqueName9 = HAP.Data\\HAP.Data.csproj
		SccProjectName9 = HAP.Data
		SccLocalPath9 = HAP.Data
		SccProjectUniqueName10 = HAP.Data.Quota\\HAP.Data.Quota.csproj
		SccProjectName10 = HAP.Data.Quota
		SccLocalPath10 = HAP.Data.Quota
		SccProjectUniqueName11 = HAP.Data.Quota.Service\\HAP\u0020Quota\u0020Service.csproj
		SccProjectName11 = HAP.Data.Quota.Service
		SccLocalPath11 = HAP.Data.Quota.Service
		SccProjectUniqueName12 = HAP\u0020Quota\u0020Service\u0020Setup\\HAP\u0020Quota\u0020Service\u0020Setup.vdproj
		SccProjectName12 = HAP\u0020Quota\u0020Service\u0020Setup
		SccLocalPath12 = HAP\u0020Quota\u0020Service\u0020Setup
		SccProjectUniqueName13 = HAP.AD\\HAP.AD.csproj
		SccProjectName13 = HAP.AD
		SccLocalPath13 = HAP.AD
		SccProjectUniqueName14 = HAP.Web.Config\\HAP.Web.Configuration.csproj
		SccProjectName14 = HAP.Web.Config
		SccLocalPath14 = HAP.Web.Config
	EndGlobalSection
	GlobalSection(SolutionConfigurationPlatforms) = preSolution
		Debug|Any CPU = Debug|Any CPU
		Debug|Mixed Platforms = Debug|Mixed Platforms
		Debug|x64 = Debug|x64
		Debug|x86 = Debug|x86
		Release|Any CPU = Release|Any CPU
		Release|Mixed Platforms = Release|Mixed Platforms
		Release|x64 = Release|x64
		Release|x86 = Release|x86
	EndGlobalSection
	GlobalSection(ProjectConfigurationPlatforms) = postSolution
		{C3649002-D5BA-41D8-A2AA-78AD9E86C7BF}.Debug|Any CPU.ActiveCfg = Debug|Any CPU
		{C3649002-D5BA-41D8-A2AA-78AD9E86C7BF}.Debug|Any CPU.Build.0 = Debug|Any CPU
		{C3649002-D5BA-41D8-A2AA-78AD9E86C7BF}.Debug|Mixed Platforms.ActiveCfg = Debug|Any CPU
		{C3649002-D5BA-41D8-A2AA-78AD9E86C7BF}.Debug|Mixed Platforms.Build.0 = Debug|Any CPU
		{C3649002-D5BA-41D8-A2AA-78AD9E86C7BF}.Debug|x64.ActiveCfg = Debug|Any CPU
		{C3649002-D5BA-41D8-A2AA-78AD9E86C7BF}.Debug|x86.ActiveCfg = Debug|Any CPU
		{C3649002-D5BA-41D8-A2AA-78AD9E86C7BF}.Release|Any CPU.ActiveCfg = Release|Any CPU
		{C3649002-D5BA-41D8-A2AA-78AD9E86C7BF}.Release|Any CPU.Build.0 = Release|Any CPU
		{C3649002-D5BA-41D8-A2AA-78AD9E86C7BF}.Release|Mixed Platforms.ActiveCfg = Release|Any CPU
		{C3649002-D5BA-41D8-A2AA-78AD9E86C7BF}.Release|Mixed Platforms.Build.0 = Release|Any CPU
		{C3649002-D5BA-41D8-A2AA-78AD9E86C7BF}.Release|x64.ActiveCfg = Release|Any CPU
		{C3649002-D5BA-41D8-A2AA-78AD9E86C7BF}.Release|x86.ActiveCfg = Release|Any CPU
		{9DCDBB22-ECEB-4220-A0FE-E786189F0B08}.Debug|Any CPU.ActiveCfg = Debug|Any CPU
		{9DCDBB22-ECEB-4220-A0FE-E786189F0B08}.Debug|Any CPU.Build.0 = Debug|Any CPU
		{9DCDBB22-ECEB-4220-A0FE-E786189F0B08}.Debug|Mixed Platforms.ActiveCfg = Debug|Any CPU
		{9DCDBB22-ECEB-4220-A0FE-E786189F0B08}.Debug|Mixed Platforms.Build.0 = Debug|Any CPU
		{9DCDBB22-ECEB-4220-A0FE-E786189F0B08}.Debug|x64.ActiveCfg = Debug|Any CPU
		{9DCDBB22-ECEB-4220-A0FE-E786189F0B08}.Debug|x86.ActiveCfg = Debug|Any CPU
		{9DCDBB22-ECEB-4220-A0FE-E786189F0B08}.Release|Any CPU.ActiveCfg = Release|Any CPU
		{9DCDBB22-ECEB-4220-A0FE-E786189F0B08}.Release|Any CPU.Build.0 = Release|Any CPU
		{9DCDBB22-ECEB-4220-A0FE-E786189F0B08}.Release|Mixed Platforms.ActiveCfg = Release|Any CPU
		{9DCDBB22-ECEB-4220-A0FE-E786189F0B08}.Release|Mixed Platforms.Build.0 = Release|Any CPU
		{9DCDBB22-ECEB-4220-A0FE-E786189F0B08}.Release|x64.ActiveCfg = Release|Any CPU
		{9DCDBB22-ECEB-4220-A0FE-E786189F0B08}.Release|x86.ActiveCfg = Release|Any CPU
		{E1C14EF8-AD23-48F5-9EFF-9A2F4A07CCC9}.Debug|Any CPU.ActiveCfg = Debug|Any CPU
		{E1C14EF8-AD23-48F5-9EFF-9A2F4A07CCC9}.Debug|Any CPU.Build.0 = Debug|Any CPU
		{E1C14EF8-AD23-48F5-9EFF-9A2F4A07CCC9}.Debug|Mixed Platforms.ActiveCfg = Debug|Any CPU
		{E1C14EF8-AD23-48F5-9EFF-9A2F4A07CCC9}.Debug|Mixed Platforms.Build.0 = Debug|Any CPU
		{E1C14EF8-AD23-48F5-9EFF-9A2F4A07CCC9}.Debug|x64.ActiveCfg = Debug|Any CPU
		{E1C14EF8-AD23-48F5-9EFF-9A2F4A07CCC9}.Debug|x86.ActiveCfg = Debug|Any CPU
		{E1C14EF8-AD23-48F5-9EFF-9A2F4A07CCC9}.Release|Any CPU.ActiveCfg = Release|Any CPU
		{E1C14EF8-AD23-48F5-9EFF-9A2F4A07CCC9}.Release|Any CPU.Build.0 = Release|Any CPU
		{E1C14EF8-AD23-48F5-9EFF-9A2F4A07CCC9}.Release|Mixed Platforms.ActiveCfg = Release|Any CPU
		{E1C14EF8-AD23-48F5-9EFF-9A2F4A07CCC9}.Release|Mixed Platforms.Build.0 = Release|Any CPU
		{E1C14EF8-AD23-48F5-9EFF-9A2F4A07CCC9}.Release|x64.ActiveCfg = Release|Any CPU
		{E1C14EF8-AD23-48F5-9EFF-9A2F4A07CCC9}.Release|x86.ActiveCfg = Release|Any CPU
		{5254C771-C9B6-4261-BC11-FED83C526CE0}.Debug|Any CPU.ActiveCfg = Debug|x86
		{5254C771-C9B6-4261-BC11-FED83C526CE0}.Debug|Any CPU.Build.0 = Debug|x86
		{5254C771-C9B6-4261-BC11-FED83C526CE0}.Debug|Mixed Platforms.ActiveCfg = Debug|x86
		{5254C771-C9B6-4261-BC11-FED83C526CE0}.Debug|Mixed Platforms.Build.0 = Debug|x86
		{5254C771-C9B6-4261-BC11-FED83C526CE0}.Debug|x64.ActiveCfg = Debug|x64
		{5254C771-C9B6-4261-BC11-FED83C526CE0}.Debug|x64.Build.0 = Debug|x64
		{5254C771-C9B6-4261-BC11-FED83C526CE0}.Debug|x86.ActiveCfg = Debug|x86
		{5254C771-C9B6-4261-BC11-FED83C526CE0}.Debug|x86.Build.0 = Debug|x86
		{5254C771-C9B6-4261-BC11-FED83C526CE0}.Release|Any CPU.ActiveCfg = Release|x86
		{5254C771-C9B6-4261-BC11-FED83C526CE0}.Release|Any CPU.Build.0 = Release|x86
		{5254C771-C9B6-4261-BC11-FED83C526CE0}.Release|Mixed Platforms.ActiveCfg = Release|x86
		{5254C771-C9B6-4261-BC11-FED83C526CE0}.Release|Mixed Platforms.Build.0 = Release|x86
		{5254C771-C9B6-4261-BC11-FED83C526CE0}.Release|x64.ActiveCfg = Release|x86
		{5254C771-C9B6-4261-BC11-FED83C526CE0}.Release|x64.Build.0 = Release|x86
		{5254C771-C9B6-4261-BC11-FED83C526CE0}.Release|x86.ActiveCfg = Release|x86
		{5254C771-C9B6-4261-BC11-FED83C526CE0}.Release|x86.Build.0 = Release|x86
		{E10211DD-09C4-4756-AC4D-36C73A73FCEB}.Debug|Any CPU.ActiveCfg = Debug
		{E10211DD-09C4-4756-AC4D-36C73A73FCEB}.Debug|Mixed Platforms.ActiveCfg = Debug
		{E10211DD-09C4-4756-AC4D-36C73A73FCEB}.Debug|x64.ActiveCfg = Debug
		{E10211DD-09C4-4756-AC4D-36C73A73FCEB}.Debug|x64.Build.0 = Debug
		{E10211DD-09C4-4756-AC4D-36C73A73FCEB}.Debug|x86.ActiveCfg = Debug
		{E10211DD-09C4-4756-AC4D-36C73A73FCEB}.Release|Any CPU.ActiveCfg = Release
		{E10211DD-09C4-4756-AC4D-36C73A73FCEB}.Release|Any CPU.Build.0 = Release
		{E10211DD-09C4-4756-AC4D-36C73A73FCEB}.Release|Mixed Platforms.ActiveCfg = Release
		{E10211DD-09C4-4756-AC4D-36C73A73FCEB}.Release|Mixed Platforms.Build.0 = Release
		{E10211DD-09C4-4756-AC4D-36C73A73FCEB}.Release|x64.ActiveCfg = Release
		{E10211DD-09C4-4756-AC4D-36C73A73FCEB}.Release|x64.Build.0 = Release
		{E10211DD-09C4-4756-AC4D-36C73A73FCEB}.Release|x86.ActiveCfg = Release
		{83C67EA2-D8D6-41E4-9ACF-919088675444}.Debug|Any CPU.ActiveCfg = Debug|x86
		{83C67EA2-D8D6-41E4-9ACF-919088675444}.Debug|Any CPU.Build.0 = Debug|x86
		{83C67EA2-D8D6-41E4-9ACF-919088675444}.Debug|Mixed Platforms.ActiveCfg = Debug|x86
		{83C67EA2-D8D6-41E4-9ACF-919088675444}.Debug|Mixed Platforms.Build.0 = Debug|x86
		{83C67EA2-D8D6-41E4-9ACF-919088675444}.Debug|x64.ActiveCfg = Debug|x86
		{83C67EA2-D8D6-41E4-9ACF-919088675444}.Debug|x86.ActiveCfg = Debug|x86
		{83C67EA2-D8D6-41E4-9ACF-919088675444}.Debug|x86.Build.0 = Debug|x86
		{83C67EA2-D8D6-41E4-9ACF-919088675444}.Release|Any CPU.ActiveCfg = Release|x86
		{83C67EA2-D8D6-41E4-9ACF-919088675444}.Release|Any CPU.Build.0 = Release|x86
		{83C67EA2-D8D6-41E4-9ACF-919088675444}.Release|Mixed Platforms.ActiveCfg = Release|x86
		{83C67EA2-D8D6-41E4-9ACF-919088675444}.Release|Mixed Platforms.Build.0 = Release|x86
		{83C67EA2-D8D6-41E4-9ACF-919088675444}.Release|x64.ActiveCfg = Release|x86
		{83C67EA2-D8D6-41E4-9ACF-919088675444}.Release|x86.ActiveCfg = Release|x86
		{83C67EA2-D8D6-41E4-9ACF-919088675444}.Release|x86.Build.0 = Release|x86
		{51E919E3-C676-4439-B192-F1F936FB830B}.Debug|Any CPU.ActiveCfg = Debug
		{51E919E3-C676-4439-B192-F1F936FB830B}.Debug|Mixed Platforms.ActiveCfg = Debug
		{51E919E3-C676-4439-B192-F1F936FB830B}.Debug|x64.ActiveCfg = Debug
		{51E919E3-C676-4439-B192-F1F936FB830B}.Debug|x86.ActiveCfg = Debug
		{51E919E3-C676-4439-B192-F1F936FB830B}.Release|Any CPU.ActiveCfg = Release
		{51E919E3-C676-4439-B192-F1F936FB830B}.Release|Any CPU.Build.0 = Release
		{51E919E3-C676-4439-B192-F1F936FB830B}.Release|Mixed Platforms.ActiveCfg = Release
		{51E919E3-C676-4439-B192-F1F936FB830B}.Release|Mixed Platforms.Build.0 = Release
		{51E919E3-C676-4439-B192-F1F936FB830B}.Release|x64.ActiveCfg = Release
		{51E919E3-C676-4439-B192-F1F936FB830B}.Release|x86.ActiveCfg = Release
		{D7498641-1837-480E-8AA0-4466CDB5FB12}.Debug|Any CPU.ActiveCfg = Debug|Any CPU
		{D7498641-1837-480E-8AA0-4466CDB5FB12}.Debug|Any CPU.Build.0 = Debug|Any CPU
		{D7498641-1837-480E-8AA0-4466CDB5FB12}.Debug|Mixed Platforms.ActiveCfg = Debug|Any CPU
		{D7498641-1837-480E-8AA0-4466CDB5FB12}.Debug|Mixed Platforms.Build.0 = Debug|Any CPU
		{D7498641-1837-480E-8AA0-4466CDB5FB12}.Debug|x64.ActiveCfg = Debug|Any CPU
		{D7498641-1837-480E-8AA0-4466CDB5FB12}.Debug|x86.ActiveCfg = Debug|Any CPU
		{D7498641-1837-480E-8AA0-4466CDB5FB12}.Release|Any CPU.ActiveCfg = Release|Any CPU
		{D7498641-1837-480E-8AA0-4466CDB5FB12}.Release|Any CPU.Build.0 = Release|Any CPU
		{D7498641-1837-480E-8AA0-4466CDB5FB12}.Release|Mixed Platforms.ActiveCfg = Release|Any CPU
		{D7498641-1837-480E-8AA0-4466CDB5FB12}.Release|Mixed Platforms.Build.0 = Release|Any CPU
		{D7498641-1837-480E-8AA0-4466CDB5FB12}.Release|x64.ActiveCfg = Release|Any CPU
		{D7498641-1837-480E-8AA0-4466CDB5FB12}.Release|x86.ActiveCfg = Release|Any CPU
		{66768D2F-2190-4B13-BB6C-7195A342DB9A}.Debug|Any CPU.ActiveCfg = Debug|Any CPU
		{66768D2F-2190-4B13-BB6C-7195A342DB9A}.Debug|Any CPU.Build.0 = Debug|Any CPU
		{66768D2F-2190-4B13-BB6C-7195A342DB9A}.Debug|Mixed Platforms.ActiveCfg = Debug|Any CPU
		{66768D2F-2190-4B13-BB6C-7195A342DB9A}.Debug|Mixed Platforms.Build.0 = Debug|Any CPU
		{66768D2F-2190-4B13-BB6C-7195A342DB9A}.Debug|x64.ActiveCfg = Debug|Any CPU
		{66768D2F-2190-4B13-BB6C-7195A342DB9A}.Debug|x86.ActiveCfg = Debug|Any CPU
		{66768D2F-2190-4B13-BB6C-7195A342DB9A}.Release|Any CPU.ActiveCfg = Release|Any CPU
		{66768D2F-2190-4B13-BB6C-7195A342DB9A}.Release|Any CPU.Build.0 = Release|Any CPU
		{66768D2F-2190-4B13-BB6C-7195A342DB9A}.Release|Mixed Platforms.ActiveCfg = Release|Any CPU
		{66768D2F-2190-4B13-BB6C-7195A342DB9A}.Release|Mixed Platforms.Build.0 = Release|Any CPU
		{66768D2F-2190-4B13-BB6C-7195A342DB9A}.Release|x64.ActiveCfg = Release|Any CPU
		{66768D2F-2190-4B13-BB6C-7195A342DB9A}.Release|x86.ActiveCfg = Release|Any CPU
		{335B9841-60EA-49CD-A32B-5866902330F5}.Debug|Any CPU.ActiveCfg = Debug|Any CPU
		{335B9841-60EA-49CD-A32B-5866902330F5}.Debug|Any CPU.Build.0 = Debug|Any CPU
		{335B9841-60EA-49CD-A32B-5866902330F5}.Debug|Mixed Platforms.ActiveCfg = Debug|Any CPU
		{335B9841-60EA-49CD-A32B-5866902330F5}.Debug|Mixed Platforms.Build.0 = Debug|Any CPU
		{335B9841-60EA-49CD-A32B-5866902330F5}.Debug|x64.ActiveCfg = Debug|Any CPU
		{335B9841-60EA-49CD-A32B-5866902330F5}.Debug|x86.ActiveCfg = Debug|Any CPU
		{335B9841-60EA-49CD-A32B-5866902330F5}.Release|Any CPU.ActiveCfg = Release|Any CPU
		{335B9841-60EA-49CD-A32B-5866902330F5}.Release|Any CPU.Build.0 = Release|Any CPU
		{335B9841-60EA-49CD-A32B-5866902330F5}.Release|Mixed Platforms.ActiveCfg = Release|Any CPU
		{335B9841-60EA-49CD-A32B-5866902330F5}.Release|Mixed Platforms.Build.0 = Release|Any CPU
		{335B9841-60EA-49CD-A32B-5866902330F5}.Release|x64.ActiveCfg = Release|Any CPU
		{335B9841-60EA-49CD-A32B-5866902330F5}.Release|x86.ActiveCfg = Release|Any CPU
		{A06C244E-4136-4A30-97AD-F0717974A5D0}.Debug|Any CPU.ActiveCfg = Debug|x86
		{A06C244E-4136-4A30-97AD-F0717974A5D0}.Debug|Any CPU.Build.0 = Debug|x86
		{A06C244E-4136-4A30-97AD-F0717974A5D0}.Debug|Mixed Platforms.ActiveCfg = Debug|x86
		{A06C244E-4136-4A30-97AD-F0717974A5D0}.Debug|Mixed Platforms.Build.0 = Debug|x86
		{A06C244E-4136-4A30-97AD-F0717974A5D0}.Debug|x64.ActiveCfg = Debug|x86
		{A06C244E-4136-4A30-97AD-F0717974A5D0}.Debug|x86.ActiveCfg = Debug|x86
		{A06C244E-4136-4A30-97AD-F0717974A5D0}.Debug|x86.Build.0 = Debug|x86
		{A06C244E-4136-4A30-97AD-F0717974A5D0}.Release|Any CPU.ActiveCfg = Release|x86
		{A06C244E-4136-4A30-97AD-F0717974A5D0}.Release|Any CPU.Build.0 = Release|x86
		{A06C244E-4136-4A30-97AD-F0717974A5D0}.Release|Mixed Platforms.ActiveCfg = Release|x86
		{A06C244E-4136-4A30-97AD-F0717974A5D0}.Release|Mixed Platforms.Build.0 = Release|x86
		{A06C244E-4136-4A30-97AD-F0717974A5D0}.Release|x64.ActiveCfg = Release|x86
		{A06C244E-4136-4A30-97AD-F0717974A5D0}.Release|x86.ActiveCfg = Release|x86
		{A06C244E-4136-4A30-97AD-F0717974A5D0}.Release|x86.Build.0 = Release|x86
		{93C675DE-3922-47C5-9FD8-1AC25348FC4D}.Debug|Any CPU.ActiveCfg = Debug
		{93C675DE-3922-47C5-9FD8-1AC25348FC4D}.Debug|Mixed Platforms.ActiveCfg = Debug
		{93C675DE-3922-47C5-9FD8-1AC25348FC4D}.Debug|x64.ActiveCfg = Debug
		{93C675DE-3922-47C5-9FD8-1AC25348FC4D}.Debug|x86.ActiveCfg = Debug
		{93C675DE-3922-47C5-9FD8-1AC25348FC4D}.Release|Any CPU.ActiveCfg = Release
		{93C675DE-3922-47C5-9FD8-1AC25348FC4D}.Release|Any CPU.Build.0 = Release
		{93C675DE-3922-47C5-9FD8-1AC25348FC4D}.Release|Mixed Platforms.ActiveCfg = Release
		{93C675DE-3922-47C5-9FD8-1AC25348FC4D}.Release|Mixed Platforms.Build.0 = Release
		{93C675DE-3922-47C5-9FD8-1AC25348FC4D}.Release|x64.ActiveCfg = Release
		{93C675DE-3922-47C5-9FD8-1AC25348FC4D}.Release|x86.ActiveCfg = Release
		{36468E14-F8AF-4794-AB76-25571A54682F}.Debug|Any CPU.ActiveCfg = Debug|Any CPU
		{36468E14-F8AF-4794-AB76-25571A54682F}.Debug|Any CPU.Build.0 = Debug|Any CPU
		{36468E14-F8AF-4794-AB76-25571A54682F}.Debug|Mixed Platforms.ActiveCfg = Debug|Any CPU
		{36468E14-F8AF-4794-AB76-25571A54682F}.Debug|Mixed Platforms.Build.0 = Debug|Any CPU
		{36468E14-F8AF-4794-AB76-25571A54682F}.Debug|x64.ActiveCfg = Debug|Any CPU
		{36468E14-F8AF-4794-AB76-25571A54682F}.Debug|x86.ActiveCfg = Debug|Any CPU
		{36468E14-F8AF-4794-AB76-25571A54682F}.Release|Any CPU.ActiveCfg = Release|Any CPU
		{36468E14-F8AF-4794-AB76-25571A54682F}.Release|Any CPU.Build.0 = Release|Any CPU
		{36468E14-F8AF-4794-AB76-25571A54682F}.Release|Mixed Platforms.ActiveCfg = Release|Any CPU
		{36468E14-F8AF-4794-AB76-25571A54682F}.Release|Mixed Platforms.Build.0 = Release|Any CPU
		{36468E14-F8AF-4794-AB76-25571A54682F}.Release|x64.ActiveCfg = Release|Any CPU
		{36468E14-F8AF-4794-AB76-25571A54682F}.Release|x86.ActiveCfg = Release|Any CPU
		{1F2CFBBF-1C06-4CAC-BB4B-5551BF6A398C}.Debug|Any CPU.ActiveCfg = Debug|Any CPU
		{1F2CFBBF-1C06-4CAC-BB4B-5551BF6A398C}.Debug|Any CPU.Build.0 = Debug|Any CPU
		{1F2CFBBF-1C06-4CAC-BB4B-5551BF6A398C}.Debug|Mixed Platforms.ActiveCfg = Debug|Any CPU
		{1F2CFBBF-1C06-4CAC-BB4B-5551BF6A398C}.Debug|Mixed Platforms.Build.0 = Debug|Any CPU
		{1F2CFBBF-1C06-4CAC-BB4B-5551BF6A398C}.Debug|x64.ActiveCfg = Debug|Any CPU
		{1F2CFBBF-1C06-4CAC-BB4B-5551BF6A398C}.Debug|x86.ActiveCfg = Debug|Any CPU
		{1F2CFBBF-1C06-4CAC-BB4B-5551BF6A398C}.Release|Any CPU.ActiveCfg = Release|Any CPU
		{1F2CFBBF-1C06-4CAC-BB4B-5551BF6A398C}.Release|Any CPU.Build.0 = Release|Any CPU
		{1F2CFBBF-1C06-4CAC-BB4B-5551BF6A398C}.Release|Mixed Platforms.ActiveCfg = Release|Any CPU
		{1F2CFBBF-1C06-4CAC-BB4B-5551BF6A398C}.Release|Mixed Platforms.Build.0 = Release|Any CPU
		{1F2CFBBF-1C06-4CAC-BB4B-5551BF6A398C}.Release|x64.ActiveCfg = Release|Any CPU
		{1F2CFBBF-1C06-4CAC-BB4B-5551BF6A398C}.Release|x86.ActiveCfg = Release|Any CPU
	EndGlobalSection
	GlobalSection(SolutionProperties) = preSolution
		HideSolutionNode = FALSE
	EndGlobalSection
	GlobalSection(SharpSetup) = preSolution
		Version = 1.2
	EndGlobalSection
EndGlobal
