
Microsoft Visual Studio Solution File, Format Version 12.00
# Visual Studio 2012
Project("{2150E333-8FDC-42A3-9474-1A3956D46DE8}") = "Bin", "Bin", "{7F80432C-70D9-4AAA-9FE3-6398471FC04D}"
	ProjectSection(SolutionItems) = preProject
		Binaries\DocumentFormat.OpenXml.dll = Binaries\DocumentFormat.OpenXml.dll
		Binaries\Excel.dll = Binaries\Excel.dll
		Binaries\Google.GData.AccessControl.DLL = Binaries\Google.GData.AccessControl.DLL
		Binaries\Google.GData.Client.dll = Binaries\Google.GData.Client.dll
		Binaries\Google.GData.Documents.dll = Binaries\Google.GData.Documents.dll
		Binaries\ICSharpCode.SharpZipLib.dll = Binaries\ICSharpCode.SharpZipLib.dll
		Binaries\Microsoft.Exchange.WebServices.dll = Binaries\Microsoft.Exchange.WebServices.dll
		Binaries\srmlib.dll = Binaries\srmlib.dll
		DiskQuotaTypeLibrary.dll = DiskQuotaTypeLibrary.dll
	EndProjectSection
EndProject
Project("{2150E333-8FDC-42A3-9474-1A3956D46DE8}") = "Installers", "Installers", "{9A28C64F-CA1C-4D4C-A26C-907F9B8269EB}"
EndProject
Project("{2150E333-8FDC-42A3-9474-1A3956D46DE8}") = "Quota Service", "Quota Service", "{7B73919E-D6DA-4B3E-A9BC-CDBCACD84EEA}"
EndProject
Project("{FAE04EC0-301F-11D3-BF4B-00C04F79EFBC}") = "HAP.Web", "HAP.Web\HAP.Web.csproj", "{C3649002-D5BA-41D8-A2AA-78AD9E86C7BF}"
EndProject
Project("{FAE04EC0-301F-11D3-BF4B-00C04F79EFBC}") = "HAP Logon Tracker", "HAP Logon Tracker\HAP Logon Tracker.csproj", "{5254C771-C9B6-4261-BC11-FED83C526CE0}"
EndProject
Project("{54435603-DBB4-11D2-8724-00A0C9A8B90C}") = "HAP Logon Tracker Installer", "HAP Logon Tracker Installer\HAP Logon Tracker Installer.vdproj", "{E10211DD-09C4-4756-AC4D-36C73A73FCEB}"
EndProject
Project("{FAE04EC0-301F-11D3-BF4B-00C04F79EFBC}") = "HAP User Card", "HAP User Card\HAP User Card.csproj", "{83C67EA2-D8D6-41E4-9ACF-919088675444}"
EndProject
Project("{54435603-DBB4-11D2-8724-00A0C9A8B90C}") = "HAP User Card Installer", "HAP User Card Installer\HAP User Card Installer.vdproj", "{51E919E3-C676-4439-B192-F1F936FB830B}"
EndProject
Project("{FAE04EC0-301F-11D3-BF4B-00C04F79EFBC}") = "HAP.Data.SQL", "HAP.Data.SQL\HAP.Data.SQL.csproj", "{D7498641-1837-480E-8AA0-4466CDB5FB12}"
EndProject
Project("{FAE04EC0-301F-11D3-BF4B-00C04F79EFBC}") = "HAP.Data", "HAP.Data\HAP.Data.csproj", "{66768D2F-2190-4B13-BB6C-7195A342DB9A}"
EndProject
Project("{FAE04EC0-301F-11D3-BF4B-00C04F79EFBC}") = "HAP.Data.Quota", "HAP.Data.Quota\HAP.Data.Quota.csproj", "{335B9841-60EA-49CD-A32B-5866902330F5}"
EndProject
Project("{FAE04EC0-301F-11D3-BF4B-00C04F79EFBC}") = "HAP Quota Service", "HAP.Data.Quota.Service\HAP Quota Service.csproj", "{A06C244E-4136-4A30-97AD-F0717974A5D0}"
EndProject
Project("{FAE04EC0-301F-11D3-BF4B-00C04F79EFBC}") = "HAP.AD", "HAP.AD\HAP.AD.csproj", "{36468E14-F8AF-4794-AB76-25571A54682F}"
EndProject
Project("{FAE04EC0-301F-11D3-BF4B-00C04F79EFBC}") = "HAP.Web.Configuration", "HAP.Web.Config\HAP.Web.Configuration.csproj", "{1F2CFBBF-1C06-4CAC-BB4B-5551BF6A398C}"
EndProject
Project("{FAE04EC0-301F-11D3-BF4B-00C04F79EFBC}") = "HAP.Web.Logging", "HAP.Web.Logging\HAP.Web.Logging.csproj", "{3733B9AC-7559-4ABF-AC72-FB383030326A}"
EndProject
Project("{FAE04EC0-301F-11D3-BF4B-00C04F79EFBC}") = "HAP.Logging.Setup", "HAP.Logging.Setup\HAP.Logging.Setup.csproj", "{121B1669-AF9B-4BD3-8300-F8665956C478}"
EndProject
Project("{FAE04EC0-301F-11D3-BF4B-00C04F79EFBC}") = "HAP.Web.SendTo", "HAP.Web.SendTo.Google\HAP.Web.SendTo.csproj", "{3E5B1FF1-BD5C-4DCA-8165-813C6B5BF6B2}"
EndProject
Project("{FAE04EC0-301F-11D3-BF4B-00C04F79EFBC}") = "HAP.Data.Quota x86", "HAP.Data.Quota x86\HAP.Data.Quota x86.csproj", "{A991E5B1-BA49-4FF3-9155-4FC79412131C}"
EndProject
Project("{FAE04EC0-301F-11D3-BF4B-00C04F79EFBC}") = "HAP Quota Service x86", "HAP.Data.Quota.Service x86\HAP Quota Service x86.csproj", "{B4545A1A-BC18-4020-B3F0-4CFE64AF49F9}"
EndProject
Project("{54435603-DBB4-11D2-8724-00A0C9A8B90C}") = "HAP Quota Service Setup", "HAP Quota Service Setup\HAP Quota Service Setup.vdproj", "{4D363196-D7E0-45A3-951A-DF52E8FD84AC}"
EndProject
Project("{54435603-DBB4-11D2-8724-00A0C9A8B90C}") = "HAP Quota Service Setup x86", "HAP Quota Service Setup x86\HAP Quota Service Setup x86.vdproj", "{2F65911E-3C0E-4CE0-86FD-C733F6444B49}"
EndProject
Project("{FAE04EC0-301F-11D3-BF4B-00C04F79EFBC}") = "HAP.Web.LiveTiles", "HAP.Web.LiveTiles\HAP.Web.LiveTiles.csproj", "{02914446-48EF-4AF0-B4E7-016D668E5350}"
EndProject
Project("{FAE04EC0-301F-11D3-BF4B-00C04F79EFBC}") = "HAP.HelpDesk", "HAP.HelpDesk\HAP.HelpDesk.csproj", "{89FF514F-A7C3-410A-9250-8E79B6CFD993}"
EndProject
Project("{FAE04EC0-301F-11D3-BF4B-00C04F79EFBC}") = "HAP.BookingSystem", "HAP.BookingSystem\HAP.BookingSystem.csproj", "{AE604FD8-9641-4203-9014-19A1A07E5BF2}"
EndProject
Project("{FAE04EC0-301F-11D3-BF4B-00C04F79EFBC}") = "HAP.MyFiles", "HAP.MyFiles\HAP.MyFiles.csproj", "{ED1514FF-9E76-4FC3-9238-68653B50F9C4}"
EndProject
Global
	GlobalSection(TeamFoundationVersionControl) = preSolution
		SccEnterpriseProvider = {4CA58AB2-18FA-4F8D-95D4-32DDF27D184C}
		SccLocalPath0 = .
		SccLocalPath1 = HAP.Web
		SccLocalPath10 = HAP.AD
		SccLocalPath11 = HAP.Web.Config
		SccLocalPath12 = HAP.Web.Logging
		SccLocalPath13 = HAP.Logging.Setup
		SccLocalPath14 = HAP.Web.SendTo.Google
		SccLocalPath15 = HAP.Data.Quota\u0020x86
		SccLocalPath16 = HAP.Data.Quota.Service\u0020x86
		SccLocalPath17 = HAP\u0020Quota\u0020Service\u0020Setup
		SccLocalPath18 = HAP\u0020Quota\u0020Service\u0020Setup\u0020x86
		SccLocalPath19 = HAP.Web.LiveTiles
		SccLocalPath2 = HAP\u0020Logon\u0020Tracker
		SccLocalPath20 = HAP.HelpDesk
		SccLocalPath21 = HAP.BookingSystem
		SccLocalPath22 = HAP.MyFiles
		SccLocalPath3 = HAP\u0020Logon\u0020Tracker\u0020Installer
		SccLocalPath4 = HAP\u0020User\u0020Card
		SccLocalPath5 = HAP\u0020User\u0020Card\u0020Installer
		SccLocalPath6 = HAP.Data.SQL
		SccLocalPath7 = HAP.Data
		SccLocalPath8 = HAP.Data.Quota
		SccLocalPath9 = HAP.Data.Quota.Service
		SccNumberOfProjects = 23
		SccProjectName1 = HAP.Web
		SccProjectName10 = HAP.AD
		SccProjectName11 = HAP.Web.Config
		SccProjectName12 = HAP.Web.Logging
		SccProjectName13 = HAP.Logging.Setup
		SccProjectName14 = HAP.Web.SendTo.Google
		SccProjectName15 = HAP.Data.Quota\u0020x86
		SccProjectName16 = HAP.Data.Quota.Service\u0020x86
		SccProjectName17 = HAP\u0020Quota\u0020Service\u0020Setup
		SccProjectName18 = HAP\u0020Quota\u0020Service\u0020Setup\u0020x86
		SccProjectName19 = HAP.Web.LiveTiles
		SccProjectName2 = HAP\u0020Logon\u0020Tracker
		SccProjectName20 = HAP.HelpDesk
		SccProjectName21 = HAP.BookingSystem
		SccProjectName22 = HAP.MyFiles
		SccProjectName3 = HAP\u0020Logon\u0020Tracker\u0020Installer
		SccProjectName4 = HAP\u0020User\u0020Card
		SccProjectName5 = HAP\u0020User\u0020Card\u0020Installer
		SccProjectName6 = HAP.Data.SQL
		SccProjectName7 = HAP.Data
		SccProjectName8 = HAP.Data.Quota
		SccProjectName9 = HAP.Data.Quota.Service
		SccProjectTopLevelParentUniqueName15 = HAP.sln
		SccProjectTopLevelParentUniqueName16 = HAP.sln
		SccProjectTopLevelParentUniqueName17 = HAP.sln
		SccProjectTopLevelParentUniqueName18 = HAP.sln
		SccProjectTopLevelParentUniqueName3 = HAP.sln
		SccProjectTopLevelParentUniqueName5 = HAP.sln
		SccProjectTopLevelParentUniqueName8 = HAP.sln
		SccProjectTopLevelParentUniqueName9 = HAP.sln
		SccProjectUniqueName1 = HAP.Web\\HAP.Web.csproj
		SccProjectUniqueName10 = HAP.AD\\HAP.AD.csproj
		SccProjectUniqueName11 = HAP.Web.Config\\HAP.Web.Configuration.csproj
		SccProjectUniqueName12 = HAP.Web.Logging\\HAP.Web.Logging.csproj
		SccProjectUniqueName13 = HAP.Logging.Setup\\HAP.Logging.Setup.csproj
		SccProjectUniqueName14 = HAP.Web.SendTo.Google\\HAP.Web.SendTo.csproj
		SccProjectUniqueName15 = HAP.Data.Quota\u0020x86\\HAP.Data.Quota\u0020x86.csproj
		SccProjectUniqueName16 = HAP.Data.Quota.Service\u0020x86\\HAP\u0020Quota\u0020Service\u0020x86.csproj
		SccProjectUniqueName17 = HAP\u0020Quota\u0020Service\u0020Setup\\HAP\u0020Quota\u0020Service\u0020Setup.vdproj
		SccProjectUniqueName18 = HAP\u0020Quota\u0020Service\u0020Setup\u0020x86\\HAP\u0020Quota\u0020Service\u0020Setup\u0020x86.vdproj
		SccProjectUniqueName19 = HAP.Web.LiveTiles\\HAP.Web.LiveTiles.csproj
		SccProjectUniqueName2 = HAP\u0020Logon\u0020Tracker\\HAP\u0020Logon\u0020Tracker.csproj
		SccProjectUniqueName20 = HAP.HelpDesk\\HAP.HelpDesk.csproj
		SccProjectUniqueName21 = HAP.BookingSystem\\HAP.BookingSystem.csproj
		SccProjectUniqueName22 = HAP.MyFiles\\HAP.MyFiles.csproj
		SccProjectUniqueName3 = HAP\u0020Logon\u0020Tracker\u0020Installer\\HAP\u0020Logon\u0020Tracker\u0020Installer.vdproj
		SccProjectUniqueName4 = HAP\u0020User\u0020Card\\HAP\u0020User\u0020Card.csproj
		SccProjectUniqueName5 = HAP\u0020User\u0020Card\u0020Installer\\HAP\u0020User\u0020Card\u0020Installer.vdproj
		SccProjectUniqueName6 = HAP.Data.SQL\\HAP.Data.SQL.csproj
		SccProjectUniqueName7 = HAP.Data\\HAP.Data.csproj
		SccProjectUniqueName8 = HAP.Data.Quota\\HAP.Data.Quota.csproj
		SccProjectUniqueName9 = HAP.Data.Quota.Service\\HAP\u0020Quota\u0020Service.csproj
		SccTeamFoundationServer = https://tfs.codeplex.com/tfs/tfs08
	EndGlobalSection
	GlobalSection(SolutionConfigurationPlatforms) = preSolution
		Debug|Any CPU = Debug|Any CPU
		Debug|Mixed Platforms = Debug|Mixed Platforms
		Debug|x64 = Debug|x64
		Debug|x86 = Debug|x86
		Release|Any CPU = Release|Any CPU
		Release|Mixed Platforms = Release|Mixed Platforms
		Release|x64 = Release|x64
		Release|x86 = Release|x86
	EndGlobalSection
	GlobalSection(ProjectConfigurationPlatforms) = postSolution
		{02914446-48EF-4AF0-B4E7-016D668E5350}.Debug|Any CPU.ActiveCfg = Debug|Any CPU
		{02914446-48EF-4AF0-B4E7-016D668E5350}.Debug|Any CPU.Build.0 = Debug|Any CPU
		{02914446-48EF-4AF0-B4E7-016D668E5350}.Debug|Mixed Platforms.ActiveCfg = Debug|Any CPU
		{02914446-48EF-4AF0-B4E7-016D668E5350}.Debug|Mixed Platforms.Build.0 = Debug|Any CPU
		{02914446-48EF-4AF0-B4E7-016D668E5350}.Debug|x64.ActiveCfg = Debug|Any CPU
		{02914446-48EF-4AF0-B4E7-016D668E5350}.Debug|x86.ActiveCfg = Debug|Any CPU
		{02914446-48EF-4AF0-B4E7-016D668E5350}.Release|Any CPU.ActiveCfg = Release|Any CPU
		{02914446-48EF-4AF0-B4E7-016D668E5350}.Release|Any CPU.Build.0 = Release|Any CPU
		{02914446-48EF-4AF0-B4E7-016D668E5350}.Release|Mixed Platforms.ActiveCfg = Release|Any CPU
		{02914446-48EF-4AF0-B4E7-016D668E5350}.Release|Mixed Platforms.Build.0 = Release|Any CPU
		{02914446-48EF-4AF0-B4E7-016D668E5350}.Release|x64.ActiveCfg = Release|Any CPU
		{02914446-48EF-4AF0-B4E7-016D668E5350}.Release|x86.ActiveCfg = Release|Any CPU
		{121B1669-AF9B-4BD3-8300-F8665956C478}.Debug|Any CPU.ActiveCfg = Debug|x86
		{121B1669-AF9B-4BD3-8300-F8665956C478}.Debug|Any CPU.Build.0 = Debug|x86
		{121B1669-AF9B-4BD3-8300-F8665956C478}.Debug|Mixed Platforms.ActiveCfg = Debug|x86
		{121B1669-AF9B-4BD3-8300-F8665956C478}.Debug|Mixed Platforms.Build.0 = Debug|x86
		{121B1669-AF9B-4BD3-8300-F8665956C478}.Debug|x64.ActiveCfg = Debug|x86
		{121B1669-AF9B-4BD3-8300-F8665956C478}.Debug|x64.Build.0 = Debug|x86
		{121B1669-AF9B-4BD3-8300-F8665956C478}.Debug|x86.ActiveCfg = Debug|x86
		{121B1669-AF9B-4BD3-8300-F8665956C478}.Debug|x86.Build.0 = Debug|x86
		{121B1669-AF9B-4BD3-8300-F8665956C478}.Release|Any CPU.ActiveCfg = Release|x86
		{121B1669-AF9B-4BD3-8300-F8665956C478}.Release|Mixed Platforms.ActiveCfg = Release|x86
		{121B1669-AF9B-4BD3-8300-F8665956C478}.Release|Mixed Platforms.Build.0 = Release|x86
		{121B1669-AF9B-4BD3-8300-F8665956C478}.Release|x64.ActiveCfg = Release|x86
		{121B1669-AF9B-4BD3-8300-F8665956C478}.Release|x86.ActiveCfg = Release|x86
		{121B1669-AF9B-4BD3-8300-F8665956C478}.Release|x86.Build.0 = Release|x86
		{1F2CFBBF-1C06-4CAC-BB4B-5551BF6A398C}.Debug|Any CPU.ActiveCfg = Debug|Any CPU
		{1F2CFBBF-1C06-4CAC-BB4B-5551BF6A398C}.Debug|Any CPU.Build.0 = Debug|Any CPU
		{1F2CFBBF-1C06-4CAC-BB4B-5551BF6A398C}.Debug|Mixed Platforms.ActiveCfg = Debug|Any CPU
		{1F2CFBBF-1C06-4CAC-BB4B-5551BF6A398C}.Debug|Mixed Platforms.Build.0 = Debug|Any CPU
		{1F2CFBBF-1C06-4CAC-BB4B-5551BF6A398C}.Debug|x64.ActiveCfg = Debug|Any CPU
		{1F2CFBBF-1C06-4CAC-BB4B-5551BF6A398C}.Debug|x64.Build.0 = Debug|Any CPU
		{1F2CFBBF-1C06-4CAC-BB4B-5551BF6A398C}.Debug|x86.ActiveCfg = Debug|Any CPU
		{1F2CFBBF-1C06-4CAC-BB4B-5551BF6A398C}.Debug|x86.Build.0 = Debug|Any CPU
		{1F2CFBBF-1C06-4CAC-BB4B-5551BF6A398C}.Release|Any CPU.ActiveCfg = Release|Any CPU
		{1F2CFBBF-1C06-4CAC-BB4B-5551BF6A398C}.Release|Any CPU.Build.0 = Release|Any CPU
		{1F2CFBBF-1C06-4CAC-BB4B-5551BF6A398C}.Release|Mixed Platforms.ActiveCfg = Release|Any CPU
		{1F2CFBBF-1C06-4CAC-BB4B-5551BF6A398C}.Release|Mixed Platforms.Build.0 = Release|Any CPU
		{1F2CFBBF-1C06-4CAC-BB4B-5551BF6A398C}.Release|x64.ActiveCfg = Release|Any CPU
		{1F2CFBBF-1C06-4CAC-BB4B-5551BF6A398C}.Release|x86.ActiveCfg = Release|Any CPU
		{2F65911E-3C0E-4CE0-86FD-C733F6444B49}.Debug|Any CPU.ActiveCfg = Debug
		{2F65911E-3C0E-4CE0-86FD-C733F6444B49}.Debug|Mixed Platforms.ActiveCfg = Debug
		{2F65911E-3C0E-4CE0-86FD-C733F6444B49}.Debug|x64.ActiveCfg = Debug
		{2F65911E-3C0E-4CE0-86FD-C733F6444B49}.Debug|x86.ActiveCfg = Debug
		{2F65911E-3C0E-4CE0-86FD-C733F6444B49}.Release|Any CPU.ActiveCfg = Release
		{2F65911E-3C0E-4CE0-86FD-C733F6444B49}.Release|Mixed Platforms.ActiveCfg = Release
		{2F65911E-3C0E-4CE0-86FD-C733F6444B49}.Release|x64.ActiveCfg = Release
		{2F65911E-3C0E-4CE0-86FD-C733F6444B49}.Release|x86.ActiveCfg = Release
		{335B9841-60EA-49CD-A32B-5866902330F5}.Debug|Any CPU.ActiveCfg = Debug|Any CPU
		{335B9841-60EA-49CD-A32B-5866902330F5}.Debug|Any CPU.Build.0 = Debug|Any CPU
		{335B9841-60EA-49CD-A32B-5866902330F5}.Debug|Mixed Platforms.ActiveCfg = Debug|Any CPU
		{335B9841-60EA-49CD-A32B-5866902330F5}.Debug|Mixed Platforms.Build.0 = Debug|Any CPU
		{335B9841-60EA-49CD-A32B-5866902330F5}.Debug|x64.ActiveCfg = Debug|Any CPU
		{335B9841-60EA-49CD-A32B-5866902330F5}.Debug|x64.Build.0 = Debug|Any CPU
		{335B9841-60EA-49CD-A32B-5866902330F5}.Debug|x86.ActiveCfg = Debug|Any CPU
		{335B9841-60EA-49CD-A32B-5866902330F5}.Release|Any CPU.ActiveCfg = Release|Any CPU
		{335B9841-60EA-49CD-A32B-5866902330F5}.Release|Any CPU.Build.0 = Release|Any CPU
		{335B9841-60EA-49CD-A32B-5866902330F5}.Release|Mixed Platforms.ActiveCfg = Release|Any CPU
		{335B9841-60EA-49CD-A32B-5866902330F5}.Release|Mixed Platforms.Build.0 = Release|Any CPU
		{335B9841-60EA-49CD-A32B-5866902330F5}.Release|x64.ActiveCfg = Release|Any CPU
		{335B9841-60EA-49CD-A32B-5866902330F5}.Release|x86.ActiveCfg = Release|Any CPU
		{36468E14-F8AF-4794-AB76-25571A54682F}.Debug|Any CPU.ActiveCfg = Debug|Any CPU
		{36468E14-F8AF-4794-AB76-25571A54682F}.Debug|Any CPU.Build.0 = Debug|Any CPU
		{36468E14-F8AF-4794-AB76-25571A54682F}.Debug|Mixed Platforms.ActiveCfg = Debug|Any CPU
		{36468E14-F8AF-4794-AB76-25571A54682F}.Debug|Mixed Platforms.Build.0 = Debug|Any CPU
		{36468E14-F8AF-4794-AB76-25571A54682F}.Debug|x64.ActiveCfg = Debug|Any CPU
		{36468E14-F8AF-4794-AB76-25571A54682F}.Debug|x64.Build.0 = Debug|Any CPU
		{36468E14-F8AF-4794-AB76-25571A54682F}.Debug|x86.ActiveCfg = Debug|Any CPU
		{36468E14-F8AF-4794-AB76-25571A54682F}.Debug|x86.Build.0 = Debug|Any CPU
		{36468E14-F8AF-4794-AB76-25571A54682F}.Release|Any CPU.ActiveCfg = Release|Any CPU
		{36468E14-F8AF-4794-AB76-25571A54682F}.Release|Any CPU.Build.0 = Release|Any CPU
		{36468E14-F8AF-4794-AB76-25571A54682F}.Release|Mixed Platforms.ActiveCfg = Release|Any CPU
		{36468E14-F8AF-4794-AB76-25571A54682F}.Release|Mixed Platforms.Build.0 = Release|Any CPU
		{36468E14-F8AF-4794-AB76-25571A54682F}.Release|x64.ActiveCfg = Release|Any CPU
		{36468E14-F8AF-4794-AB76-25571A54682F}.Release|x86.ActiveCfg = Release|Any CPU
		{3733B9AC-7559-4ABF-AC72-FB383030326A}.Debug|Any CPU.ActiveCfg = Debug|Any CPU
		{3733B9AC-7559-4ABF-AC72-FB383030326A}.Debug|Any CPU.Build.0 = Debug|Any CPU
		{3733B9AC-7559-4ABF-AC72-FB383030326A}.Debug|Mixed Platforms.ActiveCfg = Debug|Any CPU
		{3733B9AC-7559-4ABF-AC72-FB383030326A}.Debug|Mixed Platforms.Build.0 = Debug|Any CPU
		{3733B9AC-7559-4ABF-AC72-FB383030326A}.Debug|x64.ActiveCfg = Debug|Any CPU
		{3733B9AC-7559-4ABF-AC72-FB383030326A}.Debug|x64.Build.0 = Debug|Any CPU
		{3733B9AC-7559-4ABF-AC72-FB383030326A}.Debug|x86.ActiveCfg = Debug|Any CPU
		{3733B9AC-7559-4ABF-AC72-FB383030326A}.Debug|x86.Build.0 = Debug|Any CPU
		{3733B9AC-7559-4ABF-AC72-FB383030326A}.Release|Any CPU.ActiveCfg = Release|Any CPU
		{3733B9AC-7559-4ABF-AC72-FB383030326A}.Release|Any CPU.Build.0 = Release|Any CPU
		{3733B9AC-7559-4ABF-AC72-FB383030326A}.Release|Mixed Platforms.ActiveCfg = Release|Any CPU
		{3733B9AC-7559-4ABF-AC72-FB383030326A}.Release|Mixed Platforms.Build.0 = Release|Any CPU
		{3733B9AC-7559-4ABF-AC72-FB383030326A}.Release|x64.ActiveCfg = Release|Any CPU
		{3733B9AC-7559-4ABF-AC72-FB383030326A}.Release|x86.ActiveCfg = Release|Any CPU
		{3E5B1FF1-BD5C-4DCA-8165-813C6B5BF6B2}.Debug|Any CPU.ActiveCfg = Debug|Any CPU
		{3E5B1FF1-BD5C-4DCA-8165-813C6B5BF6B2}.Debug|Any CPU.Build.0 = Debug|Any CPU
		{3E5B1FF1-BD5C-4DCA-8165-813C6B5BF6B2}.Debug|Mixed Platforms.ActiveCfg = Debug|Any CPU
		{3E5B1FF1-BD5C-4DCA-8165-813C6B5BF6B2}.Debug|Mixed Platforms.Build.0 = Debug|Any CPU
		{3E5B1FF1-BD5C-4DCA-8165-813C6B5BF6B2}.Debug|x64.ActiveCfg = Debug|Any CPU
		{3E5B1FF1-BD5C-4DCA-8165-813C6B5BF6B2}.Debug|x64.Build.0 = Debug|Any CPU
		{3E5B1FF1-BD5C-4DCA-8165-813C6B5BF6B2}.Debug|x86.ActiveCfg = Debug|Any CPU
		{3E5B1FF1-BD5C-4DCA-8165-813C6B5BF6B2}.Debug|x86.Build.0 = Debug|Any CPU
		{3E5B1FF1-BD5C-4DCA-8165-813C6B5BF6B2}.Release|Any CPU.ActiveCfg = Release|Any CPU
		{3E5B1FF1-BD5C-4DCA-8165-813C6B5BF6B2}.Release|Any CPU.Build.0 = Release|Any CPU
		{3E5B1FF1-BD5C-4DCA-8165-813C6B5BF6B2}.Release|Mixed Platforms.ActiveCfg = Release|Any CPU
		{3E5B1FF1-BD5C-4DCA-8165-813C6B5BF6B2}.Release|Mixed Platforms.Build.0 = Release|Any CPU
		{3E5B1FF1-BD5C-4DCA-8165-813C6B5BF6B2}.Release|x64.ActiveCfg = Release|Any CPU
		{3E5B1FF1-BD5C-4DCA-8165-813C6B5BF6B2}.Release|x86.ActiveCfg = Release|Any CPU
		{4D363196-D7E0-45A3-951A-DF52E8FD84AC}.Debug|Any CPU.ActiveCfg = Debug
		{4D363196-D7E0-45A3-951A-DF52E8FD84AC}.Debug|Any CPU.Build.0 = Debug
		{4D363196-D7E0-45A3-951A-DF52E8FD84AC}.Debug|Mixed Platforms.ActiveCfg = Debug
		{4D363196-D7E0-45A3-951A-DF52E8FD84AC}.Debug|Mixed Platforms.Build.0 = Debug
		{4D363196-D7E0-45A3-951A-DF52E8FD84AC}.Debug|x64.ActiveCfg = Debug
		{4D363196-D7E0-45A3-951A-DF52E8FD84AC}.Debug|x64.Build.0 = Debug
		{4D363196-D7E0-45A3-951A-DF52E8FD84AC}.Debug|x86.ActiveCfg = Debug
		{4D363196-D7E0-45A3-951A-DF52E8FD84AC}.Debug|x86.Build.0 = Debug
		{4D363196-D7E0-45A3-951A-DF52E8FD84AC}.Release|Any CPU.ActiveCfg = Release
		{4D363196-D7E0-45A3-951A-DF52E8FD84AC}.Release|Any CPU.Build.0 = Release
		{4D363196-D7E0-45A3-951A-DF52E8FD84AC}.Release|Mixed Platforms.ActiveCfg = Release
		{4D363196-D7E0-45A3-951A-DF52E8FD84AC}.Release|Mixed Platforms.Build.0 = Release
		{4D363196-D7E0-45A3-951A-DF52E8FD84AC}.Release|x64.ActiveCfg = Release
		{4D363196-D7E0-45A3-951A-DF52E8FD84AC}.Release|x64.Build.0 = Release
		{4D363196-D7E0-45A3-951A-DF52E8FD84AC}.Release|x86.ActiveCfg = Release
		{4D363196-D7E0-45A3-951A-DF52E8FD84AC}.Release|x86.Build.0 = Release
		{51E919E3-C676-4439-B192-F1F936FB830B}.Debug|Any CPU.ActiveCfg = Debug
		{51E919E3-C676-4439-B192-F1F936FB830B}.Debug|Mixed Platforms.ActiveCfg = Debug
		{51E919E3-C676-4439-B192-F1F936FB830B}.Debug|x64.ActiveCfg = Debug
		{51E919E3-C676-4439-B192-F1F936FB830B}.Debug|x86.ActiveCfg = Debug
		{51E919E3-C676-4439-B192-F1F936FB830B}.Release|Any CPU.ActiveCfg = Release
		{51E919E3-C676-4439-B192-F1F936FB830B}.Release|Any CPU.Build.0 = Release
		{51E919E3-C676-4439-B192-F1F936FB830B}.Release|Mixed Platforms.ActiveCfg = Release
		{51E919E3-C676-4439-B192-F1F936FB830B}.Release|Mixed Platforms.Build.0 = Release
		{51E919E3-C676-4439-B192-F1F936FB830B}.Release|x64.ActiveCfg = Release
		{51E919E3-C676-4439-B192-F1F936FB830B}.Release|x86.ActiveCfg = Release
		{5254C771-C9B6-4261-BC11-FED83C526CE0}.Debug|Any CPU.ActiveCfg = Debug|x86
		{5254C771-C9B6-4261-BC11-FED83C526CE0}.Debug|Any CPU.Build.0 = Debug|x86
		{5254C771-C9B6-4261-BC11-FED83C526CE0}.Debug|Mixed Platforms.ActiveCfg = Debug|x86
		{5254C771-C9B6-4261-BC11-FED83C526CE0}.Debug|Mixed Platforms.Build.0 = Debug|x86
		{5254C771-C9B6-4261-BC11-FED83C526CE0}.Debug|x64.ActiveCfg = Debug|x64
		{5254C771-C9B6-4261-BC11-FED83C526CE0}.Debug|x64.Build.0 = Debug|x64
		{5254C771-C9B6-4261-BC11-FED83C526CE0}.Debug|x86.ActiveCfg = Debug|x86
		{5254C771-C9B6-4261-BC11-FED83C526CE0}.Debug|x86.Build.0 = Debug|x86
		{5254C771-C9B6-4261-BC11-FED83C526CE0}.Release|Any CPU.ActiveCfg = Release|x86
		{5254C771-C9B6-4261-BC11-FED83C526CE0}.Release|Any CPU.Build.0 = Release|x86
		{5254C771-C9B6-4261-BC11-FED83C526CE0}.Release|Mixed Platforms.ActiveCfg = Release|x86
		{5254C771-C9B6-4261-BC11-FED83C526CE0}.Release|Mixed Platforms.Build.0 = Release|x86
		{5254C771-C9B6-4261-BC11-FED83C526CE0}.Release|x64.ActiveCfg = Release|x86
		{5254C771-C9B6-4261-BC11-FED83C526CE0}.Release|x64.Build.0 = Release|x86
		{5254C771-C9B6-4261-BC11-FED83C526CE0}.Release|x86.ActiveCfg = Release|x86
		{5254C771-C9B6-4261-BC11-FED83C526CE0}.Release|x86.Build.0 = Release|x86
		{66768D2F-2190-4B13-BB6C-7195A342DB9A}.Debug|Any CPU.ActiveCfg = Debug|Any CPU
		{66768D2F-2190-4B13-BB6C-7195A342DB9A}.Debug|Any CPU.Build.0 = Debug|Any CPU
		{66768D2F-2190-4B13-BB6C-7195A342DB9A}.Debug|Mixed Platforms.ActiveCfg = Debug|Any CPU
		{66768D2F-2190-4B13-BB6C-7195A342DB9A}.Debug|Mixed Platforms.Build.0 = Debug|Any CPU
		{66768D2F-2190-4B13-BB6C-7195A342DB9A}.Debug|x64.ActiveCfg = Debug|Any CPU
		{66768D2F-2190-4B13-BB6C-7195A342DB9A}.Debug|x64.Build.0 = Debug|Any CPU
		{66768D2F-2190-4B13-BB6C-7195A342DB9A}.Debug|x86.ActiveCfg = Debug|Any CPU
		{66768D2F-2190-4B13-BB6C-7195A342DB9A}.Debug|x86.Build.0 = Debug|Any CPU
		{66768D2F-2190-4B13-BB6C-7195A342DB9A}.Release|Any CPU.ActiveCfg = Release|Any CPU
		{66768D2F-2190-4B13-BB6C-7195A342DB9A}.Release|Any CPU.Build.0 = Release|Any CPU
		{66768D2F-2190-4B13-BB6C-7195A342DB9A}.Release|Mixed Platforms.ActiveCfg = Release|Any CPU
		{66768D2F-2190-4B13-BB6C-7195A342DB9A}.Release|Mixed Platforms.Build.0 = Release|Any CPU
		{66768D2F-2190-4B13-BB6C-7195A342DB9A}.Release|x64.ActiveCfg = Release|Any CPU
		{66768D2F-2190-4B13-BB6C-7195A342DB9A}.Release|x86.ActiveCfg = Release|Any CPU
		{83C67EA2-D8D6-41E4-9ACF-919088675444}.Debug|Any CPU.ActiveCfg = Debug|x86
		{83C67EA2-D8D6-41E4-9ACF-919088675444}.Debug|Any CPU.Build.0 = Debug|x86
		{83C67EA2-D8D6-41E4-9ACF-919088675444}.Debug|Mixed Platforms.ActiveCfg = Debug|x86
		{83C67EA2-D8D6-41E4-9ACF-919088675444}.Debug|Mixed Platforms.Build.0 = Debug|x86
		{83C67EA2-D8D6-41E4-9ACF-919088675444}.Debug|x64.ActiveCfg = Debug|x86
		{83C67EA2-D8D6-41E4-9ACF-919088675444}.Debug|x64.Build.0 = Debug|x86
		{83C67EA2-D8D6-41E4-9ACF-919088675444}.Debug|x86.ActiveCfg = Debug|x86
		{83C67EA2-D8D6-41E4-9ACF-919088675444}.Debug|x86.Build.0 = Debug|x86
		{83C67EA2-D8D6-41E4-9ACF-919088675444}.Release|Any CPU.ActiveCfg = Release|x86
		{83C67EA2-D8D6-41E4-9ACF-919088675444}.Release|Any CPU.Build.0 = Release|x86
		{83C67EA2-D8D6-41E4-9ACF-919088675444}.Release|Mixed Platforms.ActiveCfg = Release|x86
		{83C67EA2-D8D6-41E4-9ACF-919088675444}.Release|Mixed Platforms.Build.0 = Release|x86
		{83C67EA2-D8D6-41E4-9ACF-919088675444}.Release|x64.ActiveCfg = Release|x86
		{83C67EA2-D8D6-41E4-9ACF-919088675444}.Release|x86.ActiveCfg = Release|x86
		{83C67EA2-D8D6-41E4-9ACF-919088675444}.Release|x86.Build.0 = Release|x86
		{89FF514F-A7C3-410A-9250-8E79B6CFD993}.Debug|Any CPU.ActiveCfg = Debug|Any CPU
		{89FF514F-A7C3-410A-9250-8E79B6CFD993}.Debug|Any CPU.Build.0 = Debug|Any CPU
		{89FF514F-A7C3-410A-9250-8E79B6CFD993}.Debug|Mixed Platforms.ActiveCfg = Debug|Any CPU
		{89FF514F-A7C3-410A-9250-8E79B6CFD993}.Debug|Mixed Platforms.Build.0 = Debug|Any CPU
		{89FF514F-A7C3-410A-9250-8E79B6CFD993}.Debug|x64.ActiveCfg = Debug|Any CPU
		{89FF514F-A7C3-410A-9250-8E79B6CFD993}.Debug|x86.ActiveCfg = Debug|Any CPU
		{89FF514F-A7C3-410A-9250-8E79B6CFD993}.Release|Any CPU.ActiveCfg = Release|Any CPU
		{89FF514F-A7C3-410A-9250-8E79B6CFD993}.Release|Any CPU.Build.0 = Release|Any CPU
		{89FF514F-A7C3-410A-9250-8E79B6CFD993}.Release|Mixed Platforms.ActiveCfg = Release|Any CPU
		{89FF514F-A7C3-410A-9250-8E79B6CFD993}.Release|Mixed Platforms.Build.0 = Release|Any CPU
		{89FF514F-A7C3-410A-9250-8E79B6CFD993}.Release|x64.ActiveCfg = Release|Any CPU
		{89FF514F-A7C3-410A-9250-8E79B6CFD993}.Release|x86.ActiveCfg = Release|Any CPU
		{A06C244E-4136-4A30-97AD-F0717974A5D0}.Debug|Any CPU.ActiveCfg = Debug|x86
		{A06C244E-4136-4A30-97AD-F0717974A5D0}.Debug|Any CPU.Build.0 = Debug|x86
		{A06C244E-4136-4A30-97AD-F0717974A5D0}.Debug|Mixed Platforms.ActiveCfg = Debug|x86
		{A06C244E-4136-4A30-97AD-F0717974A5D0}.Debug|Mixed Platforms.Build.0 = Debug|x86
		{A06C244E-4136-4A30-97AD-F0717974A5D0}.Debug|x64.ActiveCfg = Debug|x86
		{A06C244E-4136-4A30-97AD-F0717974A5D0}.Debug|x64.Build.0 = Debug|x86
		{A06C244E-4136-4A30-97AD-F0717974A5D0}.Debug|x86.ActiveCfg = Debug|x86
		{A06C244E-4136-4A30-97AD-F0717974A5D0}.Debug|x86.Build.0 = Debug|x86
		{A06C244E-4136-4A30-97AD-F0717974A5D0}.Release|Any CPU.ActiveCfg = Release|x86
		{A06C244E-4136-4A30-97AD-F0717974A5D0}.Release|Any CPU.Build.0 = Release|x86
		{A06C244E-4136-4A30-97AD-F0717974A5D0}.Release|Mixed Platforms.ActiveCfg = Release|x86
		{A06C244E-4136-4A30-97AD-F0717974A5D0}.Release|Mixed Platforms.Build.0 = Release|x86
		{A06C244E-4136-4A30-97AD-F0717974A5D0}.Release|x64.ActiveCfg = Release|x86
		{A06C244E-4136-4A30-97AD-F0717974A5D0}.Release|x86.ActiveCfg = Release|x86
		{A06C244E-4136-4A30-97AD-F0717974A5D0}.Release|x86.Build.0 = Release|x86
		{A991E5B1-BA49-4FF3-9155-4FC79412131C}.Debug|Any CPU.ActiveCfg = Debug|Any CPU
		{A991E5B1-BA49-4FF3-9155-4FC79412131C}.Debug|Any CPU.Build.0 = Debug|Any CPU
		{A991E5B1-BA49-4FF3-9155-4FC79412131C}.Debug|Mixed Platforms.ActiveCfg = Debug|Any CPU
		{A991E5B1-BA49-4FF3-9155-4FC79412131C}.Debug|Mixed Platforms.Build.0 = Debug|Any CPU
		{A991E5B1-BA49-4FF3-9155-4FC79412131C}.Debug|x64.ActiveCfg = Debug|Any CPU
		{A991E5B1-BA49-4FF3-9155-4FC79412131C}.Debug|x86.ActiveCfg = Debug|Any CPU
		{A991E5B1-BA49-4FF3-9155-4FC79412131C}.Debug|x86.Build.0 = Debug|Any CPU
		{A991E5B1-BA49-4FF3-9155-4FC79412131C}.Release|Any CPU.ActiveCfg = Release|Any CPU
		{A991E5B1-BA49-4FF3-9155-4FC79412131C}.Release|Any CPU.Build.0 = Release|Any CPU
		{A991E5B1-BA49-4FF3-9155-4FC79412131C}.Release|Mixed Platforms.ActiveCfg = Release|Any CPU
		{A991E5B1-BA49-4FF3-9155-4FC79412131C}.Release|Mixed Platforms.Build.0 = Release|Any CPU
		{A991E5B1-BA49-4FF3-9155-4FC79412131C}.Release|x64.ActiveCfg = Release|Any CPU
		{A991E5B1-BA49-4FF3-9155-4FC79412131C}.Release|x86.ActiveCfg = Release|Any CPU
		{AE604FD8-9641-4203-9014-19A1A07E5BF2}.Debug|Any CPU.ActiveCfg = Debug|Any CPU
		{AE604FD8-9641-4203-9014-19A1A07E5BF2}.Debug|Any CPU.Build.0 = Debug|Any CPU
		{AE604FD8-9641-4203-9014-19A1A07E5BF2}.Debug|Mixed Platforms.ActiveCfg = Debug|Any CPU
		{AE604FD8-9641-4203-9014-19A1A07E5BF2}.Debug|Mixed Platforms.Build.0 = Debug|Any CPU
		{AE604FD8-9641-4203-9014-19A1A07E5BF2}.Debug|x64.ActiveCfg = Debug|Any CPU
		{AE604FD8-9641-4203-9014-19A1A07E5BF2}.Debug|x86.ActiveCfg = Debug|Any CPU
		{AE604FD8-9641-4203-9014-19A1A07E5BF2}.Release|Any CPU.ActiveCfg = Release|Any CPU
		{AE604FD8-9641-4203-9014-19A1A07E5BF2}.Release|Any CPU.Build.0 = Release|Any CPU
		{AE604FD8-9641-4203-9014-19A1A07E5BF2}.Release|Mixed Platforms.ActiveCfg = Release|Any CPU
		{AE604FD8-9641-4203-9014-19A1A07E5BF2}.Release|Mixed Platforms.Build.0 = Release|Any CPU
		{AE604FD8-9641-4203-9014-19A1A07E5BF2}.Release|x64.ActiveCfg = Release|Any CPU
		{AE604FD8-9641-4203-9014-19A1A07E5BF2}.Release|x86.ActiveCfg = Release|Any CPU
		{B4545A1A-BC18-4020-B3F0-4CFE64AF49F9}.Debug|Any CPU.ActiveCfg = Debug|x86
		{B4545A1A-BC18-4020-B3F0-4CFE64AF49F9}.Debug|Any CPU.Build.0 = Debug|x86
		{B4545A1A-BC18-4020-B3F0-4CFE64AF49F9}.Debug|Mixed Platforms.ActiveCfg = Debug|x86
		{B4545A1A-BC18-4020-B3F0-4CFE64AF49F9}.Debug|Mixed Platforms.Build.0 = Debug|x86
		{B4545A1A-BC18-4020-B3F0-4CFE64AF49F9}.Debug|x64.ActiveCfg = Debug|x86
		{B4545A1A-BC18-4020-B3F0-4CFE64AF49F9}.Debug|x86.ActiveCfg = Debug|x86
		{B4545A1A-BC18-4020-B3F0-4CFE64AF49F9}.Debug|x86.Build.0 = Debug|x86
		{B4545A1A-BC18-4020-B3F0-4CFE64AF49F9}.Release|Any CPU.ActiveCfg = Release|x86
		{B4545A1A-BC18-4020-B3F0-4CFE64AF49F9}.Release|Mixed Platforms.ActiveCfg = Release|x86
		{B4545A1A-BC18-4020-B3F0-4CFE64AF49F9}.Release|Mixed Platforms.Build.0 = Release|x86
		{B4545A1A-BC18-4020-B3F0-4CFE64AF49F9}.Release|x64.ActiveCfg = Release|x86
		{B4545A1A-BC18-4020-B3F0-4CFE64AF49F9}.Release|x86.ActiveCfg = Release|x86
		{B4545A1A-BC18-4020-B3F0-4CFE64AF49F9}.Release|x86.Build.0 = Release|x86
		{C3649002-D5BA-41D8-A2AA-78AD9E86C7BF}.Debug|Any CPU.ActiveCfg = Debug|Any CPU
		{C3649002-D5BA-41D8-A2AA-78AD9E86C7BF}.Debug|Any CPU.Build.0 = Debug|Any CPU
		{C3649002-D5BA-41D8-A2AA-78AD9E86C7BF}.Debug|Mixed Platforms.ActiveCfg = Debug|Any CPU
		{C3649002-D5BA-41D8-A2AA-78AD9E86C7BF}.Debug|Mixed Platforms.Build.0 = Debug|Any CPU
		{C3649002-D5BA-41D8-A2AA-78AD9E86C7BF}.Debug|x64.ActiveCfg = Debug|Any CPU
		{C3649002-D5BA-41D8-A2AA-78AD9E86C7BF}.Debug|x64.Build.0 = Debug|Any CPU
		{C3649002-D5BA-41D8-A2AA-78AD9E86C7BF}.Debug|x86.ActiveCfg = Debug|Any CPU
		{C3649002-D5BA-41D8-A2AA-78AD9E86C7BF}.Debug|x86.Build.0 = Debug|Any CPU
		{C3649002-D5BA-41D8-A2AA-78AD9E86C7BF}.Release|Any CPU.ActiveCfg = Release|Any CPU
		{C3649002-D5BA-41D8-A2AA-78AD9E86C7BF}.Release|Any CPU.Build.0 = Release|Any CPU
		{C3649002-D5BA-41D8-A2AA-78AD9E86C7BF}.Release|Mixed Platforms.ActiveCfg = Release|Any CPU
		{C3649002-D5BA-41D8-A2AA-78AD9E86C7BF}.Release|Mixed Platforms.Build.0 = Release|Any CPU
		{C3649002-D5BA-41D8-A2AA-78AD9E86C7BF}.Release|x64.ActiveCfg = Release|Any CPU
		{C3649002-D5BA-41D8-A2AA-78AD9E86C7BF}.Release|x86.ActiveCfg = Release|Any CPU
		{D7498641-1837-480E-8AA0-4466CDB5FB12}.Debug|Any CPU.ActiveCfg = Debug|Any CPU
		{D7498641-1837-480E-8AA0-4466CDB5FB12}.Debug|Any CPU.Build.0 = Debug|Any CPU
		{D7498641-1837-480E-8AA0-4466CDB5FB12}.Debug|Mixed Platforms.ActiveCfg = Debug|Any CPU
		{D7498641-1837-480E-8AA0-4466CDB5FB12}.Debug|Mixed Platforms.Build.0 = Debug|Any CPU
		{D7498641-1837-480E-8AA0-4466CDB5FB12}.Debug|x64.ActiveCfg = Debug|Any CPU
		{D7498641-1837-480E-8AA0-4466CDB5FB12}.Debug|x64.Build.0 = Debug|Any CPU
		{D7498641-1837-480E-8AA0-4466CDB5FB12}.Debug|x86.ActiveCfg = Debug|Any CPU
		{D7498641-1837-480E-8AA0-4466CDB5FB12}.Debug|x86.Build.0 = Debug|Any CPU
		{D7498641-1837-480E-8AA0-4466CDB5FB12}.Release|Any CPU.ActiveCfg = Release|Any CPU
		{D7498641-1837-480E-8AA0-4466CDB5FB12}.Release|Any CPU.Build.0 = Release|Any CPU
		{D7498641-1837-480E-8AA0-4466CDB5FB12}.Release|Mixed Platforms.ActiveCfg = Release|Any CPU
		{D7498641-1837-480E-8AA0-4466CDB5FB12}.Release|Mixed Platforms.Build.0 = Release|Any CPU
		{D7498641-1837-480E-8AA0-4466CDB5FB12}.Release|x64.ActiveCfg = Release|Any CPU
		{D7498641-1837-480E-8AA0-4466CDB5FB12}.Release|x86.ActiveCfg = Release|Any CPU
		{E10211DD-09C4-4756-AC4D-36C73A73FCEB}.Debug|Any CPU.ActiveCfg = Debug
		{E10211DD-09C4-4756-AC4D-36C73A73FCEB}.Debug|Mixed Platforms.ActiveCfg = Debug
		{E10211DD-09C4-4756-AC4D-36C73A73FCEB}.Debug|x64.ActiveCfg = Debug
		{E10211DD-09C4-4756-AC4D-36C73A73FCEB}.Debug|x64.Build.0 = Debug
		{E10211DD-09C4-4756-AC4D-36C73A73FCEB}.Debug|x86.ActiveCfg = Debug
		{E10211DD-09C4-4756-AC4D-36C73A73FCEB}.Release|Any CPU.ActiveCfg = Release
		{E10211DD-09C4-4756-AC4D-36C73A73FCEB}.Release|Any CPU.Build.0 = Release
		{E10211DD-09C4-4756-AC4D-36C73A73FCEB}.Release|Mixed Platforms.ActiveCfg = Release
		{E10211DD-09C4-4756-AC4D-36C73A73FCEB}.Release|Mixed Platforms.Build.0 = Release
		{E10211DD-09C4-4756-AC4D-36C73A73FCEB}.Release|x64.ActiveCfg = Release
		{E10211DD-09C4-4756-AC4D-36C73A73FCEB}.Release|x64.Build.0 = Release
		{E10211DD-09C4-4756-AC4D-36C73A73FCEB}.Release|x86.ActiveCfg = Release
		{ED1514FF-9E76-4FC3-9238-68653B50F9C4}.Debug|Any CPU.ActiveCfg = Debug|Any CPU
		{ED1514FF-9E76-4FC3-9238-68653B50F9C4}.Debug|Any CPU.Build.0 = Debug|Any CPU
		{ED1514FF-9E76-4FC3-9238-68653B50F9C4}.Debug|Mixed Platforms.ActiveCfg = Debug|Any CPU
		{ED1514FF-9E76-4FC3-9238-68653B50F9C4}.Debug|Mixed Platforms.Build.0 = Debug|Any CPU
		{ED1514FF-9E76-4FC3-9238-68653B50F9C4}.Debug|x64.ActiveCfg = Debug|Any CPU
		{ED1514FF-9E76-4FC3-9238-68653B50F9C4}.Debug|x86.ActiveCfg = Debug|Any CPU
		{ED1514FF-9E76-4FC3-9238-68653B50F9C4}.Release|Any CPU.ActiveCfg = Release|Any CPU
		{ED1514FF-9E76-4FC3-9238-68653B50F9C4}.Release|Any CPU.Build.0 = Release|Any CPU
		{ED1514FF-9E76-4FC3-9238-68653B50F9C4}.Release|Mixed Platforms.ActiveCfg = Release|Any CPU
		{ED1514FF-9E76-4FC3-9238-68653B50F9C4}.Release|Mixed Platforms.Build.0 = Release|Any CPU
		{ED1514FF-9E76-4FC3-9238-68653B50F9C4}.Release|x64.ActiveCfg = Release|Any CPU
		{ED1514FF-9E76-4FC3-9238-68653B50F9C4}.Release|x86.ActiveCfg = Release|Any CPU
	EndGlobalSection
	GlobalSection(SolutionProperties) = preSolution
		HideSolutionNode = FALSE
	EndGlobalSection
	GlobalSection(NestedProjects) = preSolution
		{2F65911E-3C0E-4CE0-86FD-C733F6444B49} = {9A28C64F-CA1C-4D4C-A26C-907F9B8269EB}
		{335B9841-60EA-49CD-A32B-5866902330F5} = {7B73919E-D6DA-4B3E-A9BC-CDBCACD84EEA}
		{4D363196-D7E0-45A3-951A-DF52E8FD84AC} = {9A28C64F-CA1C-4D4C-A26C-907F9B8269EB}
		{51E919E3-C676-4439-B192-F1F936FB830B} = {9A28C64F-CA1C-4D4C-A26C-907F9B8269EB}
		{A06C244E-4136-4A30-97AD-F0717974A5D0} = {7B73919E-D6DA-4B3E-A9BC-CDBCACD84EEA}
		{A991E5B1-BA49-4FF3-9155-4FC79412131C} = {7B73919E-D6DA-4B3E-A9BC-CDBCACD84EEA}
		{B4545A1A-BC18-4020-B3F0-4CFE64AF49F9} = {7B73919E-D6DA-4B3E-A9BC-CDBCACD84EEA}
		{E10211DD-09C4-4756-AC4D-36C73A73FCEB} = {9A28C64F-CA1C-4D4C-A26C-907F9B8269EB}
	EndGlobalSection
	GlobalSection(SharpSetup) = preSolution
		Version = 1.2
	EndGlobalSection
EndGlobal
